PODS:
  - Nimble (5.0.0-alpha.30p1)

DEPENDENCIES:
  - Nimble (from `https://github.com/Quick/Nimble`, branch `swift-3.0`)

EXTERNAL SOURCES:
  Nimble:
    :branch: swift-3.0
    :git: https://github.com/Quick/Nimble

CHECKOUT OPTIONS:
  Nimble:
    :commit: 220152be528dcc0537764c179c95b8174028c80c
    :git: https://github.com/Quick/Nimble

SPEC CHECKSUMS:
  Nimble: c5b995b4cd57789ec44b0cfb79640fc00e61a8c7

PODFILE CHECKSUM: bbd8b4b53f6e7a49b23dbea4755490d4bc686ef3

COCOAPODS: 1.0.1
